schema: '2.0'
stages:
  data_ingestion:
    cmd: python src/data_ingestion.py
    deps:
    - path: src/data_ingestion.py
      hash: md5
      md5: 555a167d1cc3958c7cc17e537fa6a024
      size: 3662
    outs:
    - path: data/raw
      hash: md5
      md5: 1a287d34dc172d9f950c03dae35f7e73.dir
      size: 484846
      nfiles: 2
  data_preprocessing:
    cmd: python src/data_preprocessing.py
    deps:
    - path: data/raw
      hash: md5
      md5: 1a287d34dc172d9f950c03dae35f7e73.dir
      size: 484846
      nfiles: 2
    - path: src/data_preprocessing.py
      hash: md5
      md5: c7a17683cda8910d3fc7ea54200c9ba3
      size: 3931
    outs:
    - path: data/interim
      hash: md5
      md5: 23f5d6bb3175a9e407cb56da7db5d946.dir
      size: 284262
      nfiles: 2
  feature_engineering:
    cmd: python src/feature_engineering.py
    deps:
    - path: data/interim
      hash: md5
      md5: 23f5d6bb3175a9e407cb56da7db5d946.dir
      size: 284262
      nfiles: 2
    - path: src/feature_engineering.py
      hash: md5
      md5: 7bc571b3567467e13ed907f1610057ec
      size: 5258
    params:
      params.yaml:
        feature_engineering.max_features: 45
    outs:
    - path: data/processed
      hash: md5
      md5: 1de21ee48666bcd84ba1453db1fe6076.dir
      size: 1065190
      nfiles: 2
  model_building:
    cmd: python src/model_building.py
    deps:
    - path: data/processed
      hash: md5
      md5: 1de21ee48666bcd84ba1453db1fe6076.dir
      size: 1065190
      nfiles: 2
    - path: src/model_building.py
      hash: md5
      md5: 13464b8005ae5c49e4571454475b70c9
      size: 4303
    params:
      params.yaml:
        model_building.n_estimators: 20
        model_building.random_state: 7
    outs:
    - path: models/model.pkl
      hash: md5
      md5: 2e0dab23b6f0b75fa2f1b50c00d3c2a9
      size: 751862
  model_evaluation:
    cmd: python src/model_evaluation.py
    deps:
    - path: models/model.pkl
      hash: md5
      md5: 2e0dab23b6f0b75fa2f1b50c00d3c2a9
      size: 751862
    - path: src/model_evaluation.py
      hash: md5
      md5: c62970fe082310e70a28c470f9325f64
      size: 3714
    outs:
    - path: reports/metrics.json
      hash: md5
      md5: 3b5431cff32a43a3badfcf30723aadd6
      size: 144
